
Microsoft Visual Studio Solution File, Format Version 12.00
# Visual Studio Version 17
VisualStudioVersion = 17.4.33403.182
MinimumVisualStudioVersion = 10.0.40219.1
Project("{FAE04EC0-301F-11D3-BF4B-00C04F79EFBC}") = "gyak2_0308", "gyak2_0308\gyak2_0308.csproj", "{9BD45C63-95CF-452E-ABB6-D48CFBA7A2A1}"
EndProject
Global
	GlobalSection(SolutionConfigurationPlatforms) = preSolution
		Debug|Any CPU = Debug|Any CPU
		Release|Any CPU = Release|Any CPU
	EndGlobalSection
	GlobalSection(ProjectConfigurationPlatforms) = postSolution
		{9BD45C63-95CF-452E-ABB6-D48CFBA7A2A1}.Debug|Any CPU.ActiveCfg = Debug|Any CPU
		{9BD45C63-95CF-452E-ABB6-D48CFBA7A2A1}.Debug|Any CPU.Build.0 = Debug|Any CPU
		{9BD45C63-95CF-452E-ABB6-D48CFBA7A2A1}.Release|Any CPU.ActiveCfg = Release|Any CPU
		{9BD45C63-95CF-452E-ABB6-D48CFBA7A2A1}.Release|Any CPU.Build.0 = Release|Any CPU
	EndGlobalSection
	GlobalSection(SolutionProperties) = preSolution
		HideSolutionNode = FALSE
	EndGlobalSection
	GlobalSection(ExtensibilityGlobals) = postSolution
		SolutionGuid = {5E893926-827F-4D04-95A1-F1B644882448}
	EndGlobalSection
EndGlobal
